
Microsoft Visual Studio Solution File, Format Version 12.00
Project("{FAE04EC0-301F-11D3-BF4B-00C04F79EFBC}") = "Kahu", "Kahu\Kahu.csproj", "{713D48D9-B5C7-4A4F-92F0-5D96878B69DA}"
EndProject
Global
	GlobalSection(SolutionConfigurationPlatforms) = preSolution
		Debug|Any CPU = Debug|Any CPU
		Release|Any CPU = Release|Any CPU
	EndGlobalSection
	GlobalSection(ProjectConfigurationPlatforms) = postSolution
		{713D48D9-B5C7-4A4F-92F0-5D96878B69DA}.Debug|Any CPU.ActiveCfg = Debug|Any CPU
		{713D48D9-B5C7-4A4F-92F0-5D96878B69DA}.Debug|Any CPU.Build.0 = Debug|Any CPU
		{713D48D9-B5C7-4A4F-92F0-5D96878B69DA}.Release|Any CPU.ActiveCfg = Release|Any CPU
		{713D48D9-B5C7-4A4F-92F0-5D96878B69DA}.Release|Any CPU.Build.0 = Release|Any CPU
	EndGlobalSection
EndGlobal
